{
  "name": "@stateset/sequencer-sdk",
  "version": "0.8.4",
  "lockfileVersion": 2,
  "requires": true,
  "packages": {
    "": {
      "name": "@stateset/sequencer-sdk",
      "version": "0.8.4",
      "license": "MIT",
      "dependencies": {
        "@noble/ed25519": "^2.0.0",
        "@noble/hashes": "^1.3.0"
      },
      "bin": {
        "stateset-agent-mcp": "bin/stateset-agent-mcp.js",
        "stateset-x402": "bin/stateset-x402.js"
      },
      "engines": {
        "node": ">=18.0.0"
      }
    },
    "node_modules/@noble/ed25519": {
      "version": "2.3.0",
      "resolved": "https://registry.npmjs.org/@noble/ed25519/-/ed25519-2.3.0.tgz",
      "integrity": "sha512-M7dvXL2B92/M7dw9+gzuydL8qn/jiqNHaoR3Q+cb1q1GHV7uwE17WCyFMG+Y+TZb5izcaXk5TdJRrDUxHXL78A==",
      "funding": {
        "url": "https://paulmillr.com/funding/"
      }
    },
    "node_modules/@noble/hashes": {
      "version": "1.8.0",
      "resolved": "https://registry.npmjs.org/@noble/hashes/-/hashes-1.8.0.tgz",
      "integrity": "sha512-jCs9ldd7NwzpgXDIf6P3+NrHh9/sD6CQdxHyjQI+h/6rDNo88ypBxxz45UDuZHz9r3tNz7N/VInSVoVdtXEI4A==",
      "engines": {
        "node": "^14.21.3 || >=16"
      },
      "funding": {
        "url": "https://paulmillr.com/funding/"
      }
    }
  },
  "dependencies": {
    "@noble/ed25519": {
      "version": "2.3.0",
      "resolved": "https://registry.npmjs.org/@noble/ed25519/-/ed25519-2.3.0.tgz",
      "integrity": "sha512-M7dvXL2B92/M7dw9+gzuydL8qn/jiqNHaoR3Q+cb1q1GHV7uwE17WCyFMG+Y+TZb5izcaXk5TdJRrDUxHXL78A=="
    },
    "@noble/hashes": {
      "version": "1.8.0",
      "resolved": "https://registry.npmjs.org/@noble/hashes/-/hashes-1.8.0.tgz",
      "integrity": "sha512-jCs9ldd7NwzpgXDIf6P3+NrHh9/sD6CQdxHyjQI+h/6rDNo88ypBxxz45UDuZHz9r3tNz7N/VInSVoVdtXEI4A=="
    }
  }
}
